
Microsoft Visual Studio Solution File, Format Version 12.00
# Visual Studio 14
VisualStudioVersion = 14.0.25420.1
MinimumVisualStudioVersion = 10.0.40219.1
Project("{FAE04EC0-301F-11D3-BF4B-00C04F79EFBC}") = "AttKeeper", "AttKeeper\AttKeeper.csproj", "{2B645F0A-23BF-4F62-8352-8441FDA975DE}"
EndProject
Project("{FAE04EC0-301F-11D3-BF4B-00C04F79EFBC}") = "JBiometric", "..\JBiometric\JBiometric.csproj", "{2EDF92AB-3492-41B0-8AEA-DD34FD096CB4}"
EndProject
Project("{FAE04EC0-301F-11D3-BF4B-00C04F79EFBC}") = "UtilityManager", "..\UtilityManager\UtilityManager.csproj", "{52F42C75-B40E-4FCA-9C57-3DAB29618A30}"
EndProject
Global
	GlobalSection(SolutionConfigurationPlatforms) = preSolution
		Debug|Any CPU = Debug|Any CPU
		Release|Any CPU = Release|Any CPU
	EndGlobalSection
	GlobalSection(ProjectConfigurationPlatforms) = postSolution
		{2B645F0A-23BF-4F62-8352-8441FDA975DE}.Debug|Any CPU.ActiveCfg = Debug|Any CPU
		{2B645F0A-23BF-4F62-8352-8441FDA975DE}.Debug|Any CPU.Build.0 = Debug|Any CPU
		{2B645F0A-23BF-4F62-8352-8441FDA975DE}.Release|Any CPU.ActiveCfg = Release|Any CPU
		{2B645F0A-23BF-4F62-8352-8441FDA975DE}.Release|Any CPU.Build.0 = Release|Any CPU
		{2EDF92AB-3492-41B0-8AEA-DD34FD096CB4}.Debug|Any CPU.ActiveCfg = Debug|Any CPU
		{2EDF92AB-3492-41B0-8AEA-DD34FD096CB4}.Debug|Any CPU.Build.0 = Debug|Any CPU
		{2EDF92AB-3492-41B0-8AEA-DD34FD096CB4}.Release|Any CPU.ActiveCfg = Release|Any CPU
		{2EDF92AB-3492-41B0-8AEA-DD34FD096CB4}.Release|Any CPU.Build.0 = Release|Any CPU
		{52F42C75-B40E-4FCA-9C57-3DAB29618A30}.Debug|Any CPU.ActiveCfg = Debug|Any CPU
		{52F42C75-B40E-4FCA-9C57-3DAB29618A30}.Debug|Any CPU.Build.0 = Debug|Any CPU
		{52F42C75-B40E-4FCA-9C57-3DAB29618A30}.Release|Any CPU.ActiveCfg = Release|Any CPU
		{52F42C75-B40E-4FCA-9C57-3DAB29618A30}.Release|Any CPU.Build.0 = Release|Any CPU
	EndGlobalSection
	GlobalSection(SolutionProperties) = preSolution
		HideSolutionNode = FALSE
	EndGlobalSection
EndGlobal
